
Microsoft Visual Studio Solution File, Format Version 12.00
# Visual Studio Version 17
VisualStudioVersion = 17.8.34316.72
MinimumVisualStudioVersion = 10.0.40219.1
Project("{F184B08F-C81C-45F6-A57F-5ABD9991F28F}") = "BoxJBCafe", "BoxJBCafe.vbproj", "{2788887C-7A46-4723-AA43-781F5EB1F953}"
EndProject
Global
	GlobalSection(SolutionConfigurationPlatforms) = preSolution
		Debug|Any CPU = Debug|Any CPU
		Release|Any CPU = Release|Any CPU
	EndGlobalSection
	GlobalSection(ProjectConfigurationPlatforms) = postSolution
		{2788887C-7A46-4723-AA43-781F5EB1F953}.Debug|Any CPU.ActiveCfg = Debug|Any CPU
		{2788887C-7A46-4723-AA43-781F5EB1F953}.Debug|Any CPU.Build.0 = Debug|Any CPU
		{2788887C-7A46-4723-AA43-781F5EB1F953}.Release|Any CPU.ActiveCfg = Release|Any CPU
		{2788887C-7A46-4723-AA43-781F5EB1F953}.Release|Any CPU.Build.0 = Release|Any CPU
	EndGlobalSection
	GlobalSection(SolutionProperties) = preSolution
		HideSolutionNode = FALSE
	EndGlobalSection
	GlobalSection(ExtensibilityGlobals) = postSolution
		SolutionGuid = {422A3ED6-2528-45E6-B770-BE8CB34443D8}
	EndGlobalSection
EndGlobal
